
Microsoft Visual Studio Solution File, Format Version 12.00
# Visual Studio 14
VisualStudioVersion = 14.0.25420.1
MinimumVisualStudioVersion = 10.0.40219.1
Project("{FAE04EC0-301F-11D3-BF4B-00C04F79EFBC}") = "ActivityMonitor.Console", "ActivityMonitor.Console\ActivityMonitor.Console.csproj", "{FA4A15F4-ABEA-46E7-A65D-31F9E95D3A54}"
EndProject
Project("{FAE04EC0-301F-11D3-BF4B-00C04F79EFBC}") = "ActivityMonitor", "ActivityMonitor\ActivityMonitor.csproj", "{C7939A7A-60FD-4F01-B92E-A539CD0D374B}"
EndProject
Project("{FAE04EC0-301F-11D3-BF4B-00C04F79EFBC}") = "ActivityMonitor.Web", "ActivityMonitor.Web\ActivityMonitor.Web.csproj", "{37900E39-4E6D-4E39-A34B-A43C6651D8BC}"
EndProject
Global
	GlobalSection(SolutionConfigurationPlatforms) = preSolution
		Debug|Any CPU = Debug|Any CPU
		Release|Any CPU = Release|Any CPU
	EndGlobalSection
	GlobalSection(ProjectConfigurationPlatforms) = postSolution
		{FA4A15F4-ABEA-46E7-A65D-31F9E95D3A54}.Debug|Any CPU.ActiveCfg = Debug|Any CPU
		{FA4A15F4-ABEA-46E7-A65D-31F9E95D3A54}.Debug|Any CPU.Build.0 = Debug|Any CPU
		{FA4A15F4-ABEA-46E7-A65D-31F9E95D3A54}.Release|Any CPU.ActiveCfg = Release|Any CPU
		{FA4A15F4-ABEA-46E7-A65D-31F9E95D3A54}.Release|Any CPU.Build.0 = Release|Any CPU
		{C7939A7A-60FD-4F01-B92E-A539CD0D374B}.Debug|Any CPU.ActiveCfg = Debug|Any CPU
		{C7939A7A-60FD-4F01-B92E-A539CD0D374B}.Debug|Any CPU.Build.0 = Debug|Any CPU
		{C7939A7A-60FD-4F01-B92E-A539CD0D374B}.Release|Any CPU.ActiveCfg = Release|Any CPU
		{C7939A7A-60FD-4F01-B92E-A539CD0D374B}.Release|Any CPU.Build.0 = Release|Any CPU
		{37900E39-4E6D-4E39-A34B-A43C6651D8BC}.Debug|Any CPU.ActiveCfg = Debug|Any CPU
		{37900E39-4E6D-4E39-A34B-A43C6651D8BC}.Debug|Any CPU.Build.0 = Debug|Any CPU
		{37900E39-4E6D-4E39-A34B-A43C6651D8BC}.Release|Any CPU.ActiveCfg = Release|Any CPU
		{37900E39-4E6D-4E39-A34B-A43C6651D8BC}.Release|Any CPU.Build.0 = Release|Any CPU
	EndGlobalSection
	GlobalSection(SolutionProperties) = preSolution
		HideSolutionNode = FALSE
	EndGlobalSection
EndGlobal
